
Microsoft Visual Studio Solution File, Format Version 12.00
# Visual Studio Version 17
VisualStudioVersion = 17.5.33530.505
MinimumVisualStudioVersion = 10.0.40219.1
Project("{FAE04EC0-301F-11D3-BF4B-00C04F79EFBC}") = "TrabalhandoComArray", "TrabalhandoComArray\TrabalhandoComArray.csproj", "{170B77C6-509E-4326-9B9A-D0A34269B1EA}"
EndProject
Global
	GlobalSection(SolutionConfigurationPlatforms) = preSolution
		Debug|Any CPU = Debug|Any CPU
		Release|Any CPU = Release|Any CPU
	EndGlobalSection
	GlobalSection(ProjectConfigurationPlatforms) = postSolution
		{170B77C6-509E-4326-9B9A-D0A34269B1EA}.Debug|Any CPU.ActiveCfg = Debug|Any CPU
		{170B77C6-509E-4326-9B9A-D0A34269B1EA}.Debug|Any CPU.Build.0 = Debug|Any CPU
		{170B77C6-509E-4326-9B9A-D0A34269B1EA}.Release|Any CPU.ActiveCfg = Release|Any CPU
		{170B77C6-509E-4326-9B9A-D0A34269B1EA}.Release|Any CPU.Build.0 = Release|Any CPU
	EndGlobalSection
	GlobalSection(SolutionProperties) = preSolution
		HideSolutionNode = FALSE
	EndGlobalSection
	GlobalSection(ExtensibilityGlobals) = postSolution
		SolutionGuid = {BF60A13A-940D-44C5-B0B4-E51349C81003}
	EndGlobalSection
EndGlobal
